
Microsoft Visual Studio Solution File, Format Version 12.00
# Visual Studio Version 16
VisualStudioVersion = 16.0.29709.97
MinimumVisualStudioVersion = 10.0.40219.1
Project("{FAE04EC0-301F-11D3-BF4B-00C04F79EFBC}") = "Shoping", "Shoping\Shoping.csproj", "{6EF4E0F7-5A42-4DC7-886E-97702615064A}"
EndProject
Global
	GlobalSection(SolutionConfigurationPlatforms) = preSolution
		Debug|Any CPU = Debug|Any CPU
		Release|Any CPU = Release|Any CPU
	EndGlobalSection
	GlobalSection(ProjectConfigurationPlatforms) = postSolution
		{6EF4E0F7-5A42-4DC7-886E-97702615064A}.Debug|Any CPU.ActiveCfg = Debug|Any CPU
		{6EF4E0F7-5A42-4DC7-886E-97702615064A}.Debug|Any CPU.Build.0 = Debug|Any CPU
		{6EF4E0F7-5A42-4DC7-886E-97702615064A}.Release|Any CPU.ActiveCfg = Release|Any CPU
		{6EF4E0F7-5A42-4DC7-886E-97702615064A}.Release|Any CPU.Build.0 = Release|Any CPU
	EndGlobalSection
	GlobalSection(SolutionProperties) = preSolution
		HideSolutionNode = FALSE
	EndGlobalSection
	GlobalSection(ExtensibilityGlobals) = postSolution
		SolutionGuid = {F3676933-617B-4A65-91E6-5B051F5E359C}
	EndGlobalSection
EndGlobal
